PODS:
  - ZWBaseManager (0.1.5):
    - ZWBaseManager/Category (= 0.1.5)
  - ZWBaseManager/Category (0.1.5)

DEPENDENCIES:
  - ZWBaseManager (from `../`)

EXTERNAL SOURCES:
  ZWBaseManager:
    :path: ../

SPEC CHECKSUMS:
  ZWBaseManager: 8369471bade74bf86fa1af0b54d4455a695bca98

PODFILE CHECKSUM: 5bd5aeeff2f8752181410267d3460f01aa2559ac

COCOAPODS: 1.2.0.beta.1
